<?xml version="1.0" encoding="utf-8"?>
<Project ToolsVersion="4.0" xmlns="http://schemas.microsoft.com/developer/msbuild/2003">
  <ItemGroup>
    <Filter Include="Source Files">
      <UniqueIdentifier>{4FC737F1-C7A5-4376-A066-2A32D752A2FF}</UniqueIdentifier>
      <Extensions>cpp;c;cc;cxx;def;odl;idl;hpj;bat;asm;asmx</Extensions>
    </Filter>
    <Filter Include="Header Files">
      <UniqueIdentifier>{93995380-89BD-4b04-88EB-625FBE52EBFB}</UniqueIdentifier>
      <Extensions>h;hh;hpp;hxx;hm;inl;inc;ipp;xsd</Extensions>
    </Filter>
    <Filter Include="Header Files\util">
      <UniqueIdentifier>{88e6fd52-aae6-47d8-b8aa-763020e60ed6}</UniqueIdentifier>
    </Filter>
    <Filter Include="Header Files\entity">
      <UniqueIdentifier>{bc0387e5-4dfd-47a3-8442-c3e2bd4a1fcb}</UniqueIdentifier>
    </Filter>
    <Filter Include="Header Files\ui">
      <UniqueIdentifier>{d81dbe16-7319-41c9-8b8a-00defb36af41}</UniqueIdentifier>
    </Filter>
    <Filter Include="Header Files\core">
      <UniqueIdentifier>{8a8f0ecc-21c9-4aaf-9a52-b55a579f5d9c}</UniqueIdentifier>
    </Filter>
    <Filter Include="Source Files\entity">
      <UniqueIdentifier>{84337926-dbaa-4671-99d8-5cfb8755347d}</UniqueIdentifier>
    </Filter>
    <Filter Include="Source Files\core">
      <UniqueIdentifier>{8509ccc5-b31f-4189-91b9-b9b38975365a}</UniqueIdentifier>
    </Filter>
    <Filter Include="Source Files\ui">
      <UniqueIdentifier>{c884eee3-9ddc-4037-834b-d3c6271827a6}</UniqueIdentifier>
    </Filter>
    <Filter Include="Source Files\util">
      <UniqueIdentifier>{9b90b734-7856-43a2-b351-039030b5c505}</UniqueIdentifier>
    </Filter>
    <Filter Include="Resource Files">
      <UniqueIdentifier>{67DA6AB6-F800-4c08-8B7A-83BB121AAD01}</UniqueIdentifier>
      <Extensions>rc;ico;cur;bmp;dlg;rc2;rct;bin;rgs;gif;jpg;jpeg;jpe;resx;tiff;tif;png;wav;mfcribbon-ms</Extensions>
    </Filter>
  </ItemGroup>
  <ItemGroup>
    <ClInclude Include="gun.h">
      <Filter>Header Files\entity</Filter>
    </ClInclude>
    <ClInclude Include="gameobject.h">
      <Filter>Header Files\entity</Filter>
    </ClInclude>
    <ClInclude Include="player.h">
      <Filter>Header Files\entity</Filter>
    </ClInclude>
    <ClInclude Include="enemy.h">
      <Filter>Header Files\entity</Filter>
    </ClInclude>
    <ClInclude Include="bullet.h">
      <Filter>Header Files\entity</Filter>
    </ClInclude>
    <ClInclude Include="block.h">
      <Filter>Header Files\entity</Filter>
    </ClInclude>
    <ClInclude Include="xbox.h">
      <Filter>Header Files\util</Filter>
    </ClInclude>
    <ClInclude Include="util.h">
      <Filter>Header Files\util</Filter>
    </ClInclude>
    <ClInclude Include="sounds.h">
      <Filter>Header Files\util</Filter>
    </ClInclude>
    <ClInclude Include="images.h">
      <Filter>Header Files\util</Filter>
    </ClInclude>
    <ClInclude Include="fonts.h">
      <Filter>Header Files\util</Filter>
    </ClInclude>
    <ClInclude Include="const.h">
      <Filter>Header Files\util</Filter>
    </ClInclude>
    <ClInclude Include="menu.h">
      <Filter>Header Files\ui</Filter>
    </ClInclude>
    <ClInclude Include="game.h">
      <Filter>Header Files\core</Filter>
    </ClInclude>
    <ClInclude Include="menubutton.h">
      <Filter>Header Files\ui</Filter>
    </ClInclude>
    <ClInclude Include="room.h">
      <Filter>Header Files\core</Filter>
    </ClInclude>
    <ClInclude Include="particle.h">
      <Filter>Header Files\entity</Filter>
    </ClInclude>
    <ClInclude Include="pickup.h">
      <Filter>Header Files\entity</Filter>
    </ClInclude>
    <ClInclude Include="animation.h">
      <Filter>Header Files\ui</Filter>
    </ClInclude>
    <ClInclude Include="mapmanager.h">
      <Filter>Header Files\core</Filter>
    </ClInclude>
    <ClInclude Include="logger.h">
      <Filter>Header Files\util</Filter>
    </ClInclude>
  </ItemGroup>
  <ItemGroup>
    <ClCompile Include="block.cpp">
      <Filter>Source Files\entity</Filter>
    </ClCompile>
    <ClCompile Include="bullet.cpp">
      <Filter>Source Files\entity</Filter>
    </ClCompile>
    <ClCompile Include="enemy.cpp">
      <Filter>Source Files\entity</Filter>
    </ClCompile>
    <ClCompile Include="gun.cpp">
      <Filter>Source Files\entity</Filter>
    </ClCompile>
    <ClCompile Include="player.cpp">
      <Filter>Source Files\entity</Filter>
    </ClCompile>
    <ClCompile Include="gameobject.cpp">
      <Filter>Source Files\entity</Filter>
    </ClCompile>
    <ClCompile Include="fonts.cpp">
      <Filter>Source Files\util</Filter>
    </ClCompile>
    <ClCompile Include="images.cpp">
      <Filter>Source Files\util</Filter>
    </ClCompile>
    <ClCompile Include="logger.cpp">
      <Filter>Source Files\util</Filter>
    </ClCompile>
    <ClCompile Include="util.cpp">
      <Filter>Source Files\util</Filter>
    </ClCompile>
    <ClCompile Include="xbox.cpp">
      <Filter>Source Files\util</Filter>
    </ClCompile>
    <ClCompile Include="sounds.cpp">
      <Filter>Source Files\util</Filter>
    </ClCompile>
    <ClCompile Include="menubutton.cpp">
      <Filter>Source Files\ui</Filter>
    </ClCompile>
    <ClCompile Include="menu.cpp">
      <Filter>Source Files\ui</Filter>
    </ClCompile>
    <ClCompile Include="game.cpp">
      <Filter>Source Files\core</Filter>
    </ClCompile>
    <ClCompile Include="main.cpp">
      <Filter>Source Files\core</Filter>
    </ClCompile>
    <ClCompile Include="room.cpp">
      <Filter>Source Files\core</Filter>
    </ClCompile>
    <ClCompile Include="particle.cpp">
      <Filter>Source Files\entity</Filter>
    </ClCompile>
    <ClCompile Include="pickup.cpp">
      <Filter>Source Files\entity</Filter>
    </ClCompile>
    <ClCompile Include="animation.cpp">
      <Filter>Source Files\ui</Filter>
    </ClCompile>
    <ClCompile Include="mapmanager.cpp">
      <Filter>Source Files\core</Filter>
    </ClCompile>
  </ItemGroup>
</Project>